// !$*UTF8*$!
{
	archiveVersion = 1;
	classes = {
	};
	objectVersion = 46;
	objects = {

/* Begin PBXBuildFile section */
		33474776CA8841BCB8053EC3 /* libPods-GQURLDispatcherTests.a in Frameworks */ = {isa = PBXBuildFile; fileRef = D09E1804235A48679B581586 /* libPods-GQURLDispatcherTests.a */; };
		E3353B281AE9C358002237A2 /* GQApplicationURLResponder.m in Sources */ = {isa = PBXBuildFile; fileRef = E3353B171AE9C358002237A2 /* GQApplicationURLResponder.m */; };
		E3353B291AE9C358002237A2 /* GQCompletionWrapper.m in Sources */ = {isa = PBXBuildFile; fileRef = E3353B191AE9C358002237A2 /* GQCompletionWrapper.m */; };
		E3353B2A1AE9C358002237A2 /* GQNavigationResponder.m in Sources */ = {isa = PBXBuildFile; fileRef = E3353B1B1AE9C358002237A2 /* GQNavigationResponder.m */; };
		E3353B2B1AE9C358002237A2 /* GQPresentResponder.m in Sources */ = {isa = PBXBuildFile; fileRef = E3353B1D1AE9C358002237A2 /* GQPresentResponder.m */; };
		E3353B2C1AE9C358002237A2 /* GQSimpleResponder.m in Sources */ = {isa = PBXBuildFile; fileRef = E3353B1F1AE9C358002237A2 /* GQSimpleResponder.m */; };
		E3353B2D1AE9C358002237A2 /* GQTabBarResponder.m in Sources */ = {isa = PBXBuildFile; fileRef = E3353B211AE9C358002237A2 /* GQTabBarResponder.m */; };
		E3353B2E1AE9C358002237A2 /* GQURLDispatcher.m in Sources */ = {isa = PBXBuildFile; fileRef = E3353B231AE9C358002237A2 /* GQURLDispatcher.m */; };
		E3353B2F1AE9C358002237A2 /* NSURL+GQURLUtilities.m in Sources */ = {isa = PBXBuildFile; fileRef = E3353B271AE9C358002237A2 /* NSURL+GQURLUtilities.m */; };
		E36D30F319CD55F9003ACC19 /* GQTabBarResponderTests.m in Sources */ = {isa = PBXBuildFile; fileRef = E36D30F219CD55F9003ACC19 /* GQTabBarResponderTests.m */; };
		E36D30F519CD6AA8003ACC19 /* GQNavigationResponderTest.m in Sources */ = {isa = PBXBuildFile; fileRef = E36D30F419CD6AA8003ACC19 /* GQNavigationResponderTest.m */; };
		E38D988219C2044600630F43 /* Foundation.framework in Frameworks */ = {isa = PBXBuildFile; fileRef = E38D988119C2044600630F43 /* Foundation.framework */; };
		E38D989019C2044600630F43 /* XCTest.framework in Frameworks */ = {isa = PBXBuildFile; fileRef = E38D988F19C2044600630F43 /* XCTest.framework */; };
		E38D989119C2044600630F43 /* Foundation.framework in Frameworks */ = {isa = PBXBuildFile; fileRef = E38D988119C2044600630F43 /* Foundation.framework */; };
		E38D989319C2044600630F43 /* UIKit.framework in Frameworks */ = {isa = PBXBuildFile; fileRef = E38D989219C2044600630F43 /* UIKit.framework */; };
		E38D989619C2044600630F43 /* libGQURLDispatcher.a in Frameworks */ = {isa = PBXBuildFile; fileRef = E38D987E19C2044600630F43 /* libGQURLDispatcher.a */; };
		E38D989C19C2044600630F43 /* InfoPlist.strings in Resources */ = {isa = PBXBuildFile; fileRef = E38D989A19C2044600630F43 /* InfoPlist.strings */; };
		E38D989E19C2044600630F43 /* GQURLDispatcherTests.m in Sources */ = {isa = PBXBuildFile; fileRef = E38D989D19C2044600630F43 /* GQURLDispatcherTests.m */; };
		E397D6491A5AC5B100BDFEEF /* GQSimpleResponderTests.m in Sources */ = {isa = PBXBuildFile; fileRef = E397D6481A5AC5B100BDFEEF /* GQSimpleResponderTests.m */; };
		E3E7C5D119CADAF800F75C89 /* GQURLUtilitiesTests.m in Sources */ = {isa = PBXBuildFile; fileRef = E3E7C5D019CADAF800F75C89 /* GQURLUtilitiesTests.m */; };
/* End PBXBuildFile section */

/* Begin PBXContainerItemProxy section */
		E38D989419C2044600630F43 /* PBXContainerItemProxy */ = {
			isa = PBXContainerItemProxy;
			containerPortal = E38D987619C2044600630F43 /* Project object */;
			proxyType = 1;
			remoteGlobalIDString = E38D987D19C2044600630F43;
			remoteInfo = GQURLDispatcher;
		};
/* End PBXContainerItemProxy section */

/* Begin PBXCopyFilesBuildPhase section */
		E38D987C19C2044600630F43 /* CopyFiles */ = {
			isa = PBXCopyFilesBuildPhase;
			buildActionMask = 2147483647;
			dstPath = "include/$(PRODUCT_NAME)";
			dstSubfolderSpec = 16;
			files = (
			);
			runOnlyForDeploymentPostprocessing = 0;
		};
/* End PBXCopyFilesBuildPhase section */

/* Begin PBXFileReference section */
		2CA7A62CE15AF9316774D052 /* Pods-GQURLDispatcherTests.release.xcconfig */ = {isa = PBXFileReference; includeInIndex = 1; lastKnownFileType = text.xcconfig; name = "Pods-GQURLDispatcherTests.release.xcconfig"; path = "Pods/Target Support Files/Pods-GQURLDispatcherTests/Pods-GQURLDispatcherTests.release.xcconfig"; sourceTree = "<group>"; };
		D09E1804235A48679B581586 /* libPods-GQURLDispatcherTests.a */ = {isa = PBXFileReference; explicitFileType = archive.ar; includeInIndex = 0; path = "libPods-GQURLDispatcherTests.a"; sourceTree = BUILT_PRODUCTS_DIR; };
		E333F98B1AE7A08700A0303A /* GQURLDispatcher-Prefix.pch */ = {isa = PBXFileReference; fileEncoding = 4; lastKnownFileType = sourcecode.c.h; path = "GQURLDispatcher-Prefix.pch"; sourceTree = "<group>"; };
		E3353B161AE9C358002237A2 /* GQApplicationURLResponder.h */ = {isa = PBXFileReference; fileEncoding = 4; lastKnownFileType = sourcecode.c.h; path = GQApplicationURLResponder.h; sourceTree = "<group>"; };
		E3353B171AE9C358002237A2 /* GQApplicationURLResponder.m */ = {isa = PBXFileReference; fileEncoding = 4; lastKnownFileType = sourcecode.c.objc; path = GQApplicationURLResponder.m; sourceTree = "<group>"; };
		E3353B181AE9C358002237A2 /* GQCompletionWrapper.h */ = {isa = PBXFileReference; fileEncoding = 4; lastKnownFileType = sourcecode.c.h; path = GQCompletionWrapper.h; sourceTree = "<group>"; };
		E3353B191AE9C358002237A2 /* GQCompletionWrapper.m */ = {isa = PBXFileReference; fileEncoding = 4; lastKnownFileType = sourcecode.c.objc; path = GQCompletionWrapper.m; sourceTree = "<group>"; };
		E3353B1A1AE9C358002237A2 /* GQNavigationResponder.h */ = {isa = PBXFileReference; fileEncoding = 4; lastKnownFileType = sourcecode.c.h; path = GQNavigationResponder.h; sourceTree = "<group>"; };
		E3353B1B1AE9C358002237A2 /* GQNavigationResponder.m */ = {isa = PBXFileReference; fileEncoding = 4; lastKnownFileType = sourcecode.c.objc; path = GQNavigationResponder.m; sourceTree = "<group>"; };
		E3353B1C1AE9C358002237A2 /* GQPresentResponder.h */ = {isa = PBXFileReference; fileEncoding = 4; lastKnownFileType = sourcecode.c.h; path = GQPresentResponder.h; sourceTree = "<group>"; };
		E3353B1D1AE9C358002237A2 /* GQPresentResponder.m */ = {isa = PBXFileReference; fileEncoding = 4; lastKnownFileType = sourcecode.c.objc; path = GQPresentResponder.m; sourceTree = "<group>"; };
		E3353B1E1AE9C358002237A2 /* GQSimpleResponder.h */ = {isa = PBXFileReference; fileEncoding = 4; lastKnownFileType = sourcecode.c.h; path = GQSimpleResponder.h; sourceTree = "<group>"; };
		E3353B1F1AE9C358002237A2 /* GQSimpleResponder.m */ = {isa = PBXFileReference; fileEncoding = 4; lastKnownFileType = sourcecode.c.objc; path = GQSimpleResponder.m; sourceTree = "<group>"; };
		E3353B201AE9C358002237A2 /* GQTabBarResponder.h */ = {isa = PBXFileReference; fileEncoding = 4; lastKnownFileType = sourcecode.c.h; path = GQTabBarResponder.h; sourceTree = "<group>"; };
		E3353B211AE9C358002237A2 /* GQTabBarResponder.m */ = {isa = PBXFileReference; fileEncoding = 4; lastKnownFileType = sourcecode.c.objc; path = GQTabBarResponder.m; sourceTree = "<group>"; };
		E3353B221AE9C358002237A2 /* GQURLDispatcher.h */ = {isa = PBXFileReference; fileEncoding = 4; lastKnownFileType = sourcecode.c.h; path = GQURLDispatcher.h; sourceTree = "<group>"; };
		E3353B231AE9C358002237A2 /* GQURLDispatcher.m */ = {isa = PBXFileReference; fileEncoding = 4; lastKnownFileType = sourcecode.c.objc; path = GQURLDispatcher.m; sourceTree = "<group>"; };
		E3353B241AE9C358002237A2 /* GQURLResponder.h */ = {isa = PBXFileReference; fileEncoding = 4; lastKnownFileType = sourcecode.c.h; path = GQURLResponder.h; sourceTree = "<group>"; };
		E3353B251AE9C358002237A2 /* GQURLViewController.h */ = {isa = PBXFileReference; fileEncoding = 4; lastKnownFileType = sourcecode.c.h; path = GQURLViewController.h; sourceTree = "<group>"; };
		E3353B261AE9C358002237A2 /* NSURL+GQURLUtilities.h */ = {isa = PBXFileReference; fileEncoding = 4; lastKnownFileType = sourcecode.c.h; path = "NSURL+GQURLUtilities.h"; sourceTree = "<group>"; };
		E3353B271AE9C358002237A2 /* NSURL+GQURLUtilities.m */ = {isa = PBXFileReference; fileEncoding = 4; lastKnownFileType = sourcecode.c.objc; path = "NSURL+GQURLUtilities.m"; sourceTree = "<group>"; };
		E3447B6B1AF506E900881237 /* GQResponers.h */ = {isa = PBXFileReference; lastKnownFileType = sourcecode.c.h; path = GQResponers.h; sourceTree = "<group>"; };
		E36D30F219CD55F9003ACC19 /* GQTabBarResponderTests.m */ = {isa = PBXFileReference; fileEncoding = 4; lastKnownFileType = sourcecode.c.objc; lineEnding = 0; path = GQTabBarResponderTests.m; sourceTree = "<group>"; xcLanguageSpecificationIdentifier = xcode.lang.objc; };
		E36D30F419CD6AA8003ACC19 /* GQNavigationResponderTest.m */ = {isa = PBXFileReference; fileEncoding = 4; lastKnownFileType = sourcecode.c.objc; lineEnding = 0; path = GQNavigationResponderTest.m; sourceTree = "<group>"; xcLanguageSpecificationIdentifier = xcode.lang.objc; };
		E38D987E19C2044600630F43 /* libGQURLDispatcher.a */ = {isa = PBXFileReference; explicitFileType = archive.ar; includeInIndex = 0; path = libGQURLDispatcher.a; sourceTree = BUILT_PRODUCTS_DIR; };
		E38D988119C2044600630F43 /* Foundation.framework */ = {isa = PBXFileReference; lastKnownFileType = wrapper.framework; name = Foundation.framework; path = System/Library/Frameworks/Foundation.framework; sourceTree = SDKROOT; };
		E38D988E19C2044600630F43 /* GQURLDispatcherTests.xctest */ = {isa = PBXFileReference; explicitFileType = wrapper.cfbundle; includeInIndex = 0; path = GQURLDispatcherTests.xctest; sourceTree = BUILT_PRODUCTS_DIR; };
		E38D988F19C2044600630F43 /* XCTest.framework */ = {isa = PBXFileReference; lastKnownFileType = wrapper.framework; name = XCTest.framework; path = Library/Frameworks/XCTest.framework; sourceTree = DEVELOPER_DIR; };
		E38D989219C2044600630F43 /* UIKit.framework */ = {isa = PBXFileReference; lastKnownFileType = wrapper.framework; name = UIKit.framework; path = Library/Frameworks/UIKit.framework; sourceTree = DEVELOPER_DIR; };
		E38D989919C2044600630F43 /* GQURLDispatcherTests-Info.plist */ = {isa = PBXFileReference; lastKnownFileType = text.plist.xml; path = "GQURLDispatcherTests-Info.plist"; sourceTree = "<group>"; };
		E38D989B19C2044600630F43 /* en */ = {isa = PBXFileReference; lastKnownFileType = text.plist.strings; name = en; path = en.lproj/InfoPlist.strings; sourceTree = "<group>"; };
		E38D989D19C2044600630F43 /* GQURLDispatcherTests.m */ = {isa = PBXFileReference; lastKnownFileType = sourcecode.c.objc; lineEnding = 0; path = GQURLDispatcherTests.m; sourceTree = "<group>"; xcLanguageSpecificationIdentifier = xcode.lang.objc; };
		E38D98EC19C2F8DF00630F43 /* UIKit.framework */ = {isa = PBXFileReference; lastKnownFileType = wrapper.framework; name = UIKit.framework; path = System/Library/Frameworks/UIKit.framework; sourceTree = SDKROOT; };
		E397D6481A5AC5B100BDFEEF /* GQSimpleResponderTests.m */ = {isa = PBXFileReference; fileEncoding = 4; lastKnownFileType = sourcecode.c.objc; lineEnding = 0; path = GQSimpleResponderTests.m; sourceTree = "<group>"; xcLanguageSpecificationIdentifier = xcode.lang.objc; };
		E3E7C5D019CADAF800F75C89 /* GQURLUtilitiesTests.m */ = {isa = PBXFileReference; fileEncoding = 4; lastKnownFileType = sourcecode.c.objc; lineEnding = 0; path = GQURLUtilitiesTests.m; sourceTree = "<group>"; xcLanguageSpecificationIdentifier = xcode.lang.objc; };
		EFC5185ED52A3C9EA0021B4E /* Pods-GQURLDispatcherTests.debug.xcconfig */ = {isa = PBXFileReference; includeInIndex = 1; lastKnownFileType = text.xcconfig; name = "Pods-GQURLDispatcherTests.debug.xcconfig"; path = "Pods/Target Support Files/Pods-GQURLDispatcherTests/Pods-GQURLDispatcherTests.debug.xcconfig"; sourceTree = "<group>"; };
/* End PBXFileReference section */

/* Begin PBXFrameworksBuildPhase section */
		E38D987B19C2044600630F43 /* Frameworks */ = {
			isa = PBXFrameworksBuildPhase;
			buildActionMask = 2147483647;
			files = (
				E38D988219C2044600630F43 /* Foundation.framework in Frameworks */,
			);
			runOnlyForDeploymentPostprocessing = 0;
		};
		E38D988B19C2044600630F43 /* Frameworks */ = {
			isa = PBXFrameworksBuildPhase;
			buildActionMask = 2147483647;
			files = (
				E38D989619C2044600630F43 /* libGQURLDispatcher.a in Frameworks */,
				E38D989019C2044600630F43 /* XCTest.framework in Frameworks */,
				E38D989319C2044600630F43 /* UIKit.framework in Frameworks */,
				E38D989119C2044600630F43 /* Foundation.framework in Frameworks */,
				33474776CA8841BCB8053EC3 /* libPods-GQURLDispatcherTests.a in Frameworks */,
			);
			runOnlyForDeploymentPostprocessing = 0;
		};
/* End PBXFrameworksBuildPhase section */

/* Begin PBXGroup section */
		DB278005DAF8344B5A7120DF /* Pods */ = {
			isa = PBXGroup;
			children = (
				EFC5185ED52A3C9EA0021B4E /* Pods-GQURLDispatcherTests.debug.xcconfig */,
				2CA7A62CE15AF9316774D052 /* Pods-GQURLDispatcherTests.release.xcconfig */,
			);
			name = Pods;
			sourceTree = "<group>";
		};
		E3353B151AE9C358002237A2 /* GQURLDispatcher */ = {
			isa = PBXGroup;
			children = (
				E3447B6A1AF4FB1300881237 /* Responder */,
				E3353B221AE9C358002237A2 /* GQURLDispatcher.h */,
				E3353B231AE9C358002237A2 /* GQURLDispatcher.m */,
				E3353B251AE9C358002237A2 /* GQURLViewController.h */,
				E3353B261AE9C358002237A2 /* NSURL+GQURLUtilities.h */,
				E3353B271AE9C358002237A2 /* NSURL+GQURLUtilities.m */,
			);
			path = GQURLDispatcher;
			sourceTree = "<group>";
		};
		E3447B6A1AF4FB1300881237 /* Responder */ = {
			isa = PBXGroup;
			children = (
				E3353B241AE9C358002237A2 /* GQURLResponder.h */,
				E3353B1E1AE9C358002237A2 /* GQSimpleResponder.h */,
				E3353B1F1AE9C358002237A2 /* GQSimpleResponder.m */,
				E3353B161AE9C358002237A2 /* GQApplicationURLResponder.h */,
				E3353B171AE9C358002237A2 /* GQApplicationURLResponder.m */,
				E3353B1A1AE9C358002237A2 /* GQNavigationResponder.h */,
				E3353B1B1AE9C358002237A2 /* GQNavigationResponder.m */,
				E3353B1C1AE9C358002237A2 /* GQPresentResponder.h */,
				E3353B1D1AE9C358002237A2 /* GQPresentResponder.m */,
				E3353B201AE9C358002237A2 /* GQTabBarResponder.h */,
				E3353B211AE9C358002237A2 /* GQTabBarResponder.m */,
				E3447B6B1AF506E900881237 /* GQResponers.h */,
				E3353B181AE9C358002237A2 /* GQCompletionWrapper.h */,
				E3353B191AE9C358002237A2 /* GQCompletionWrapper.m */,
			);
			name = Responder;
			sourceTree = "<group>";
		};
		E38D987519C2044600630F43 = {
			isa = PBXGroup;
			children = (
				E333F98B1AE7A08700A0303A /* GQURLDispatcher-Prefix.pch */,
				E3353B151AE9C358002237A2 /* GQURLDispatcher */,
				E38D989719C2044600630F43 /* Tests */,
				E38D988019C2044600630F43 /* Frameworks */,
				E38D987F19C2044600630F43 /* Products */,
				DB278005DAF8344B5A7120DF /* Pods */,
			);
			sourceTree = "<group>";
		};
		E38D987F19C2044600630F43 /* Products */ = {
			isa = PBXGroup;
			children = (
				E38D987E19C2044600630F43 /* libGQURLDispatcher.a */,
				E38D988E19C2044600630F43 /* GQURLDispatcherTests.xctest */,
			);
			name = Products;
			sourceTree = "<group>";
		};
		E38D988019C2044600630F43 /* Frameworks */ = {
			isa = PBXGroup;
			children = (
				E38D98EC19C2F8DF00630F43 /* UIKit.framework */,
				E38D988119C2044600630F43 /* Foundation.framework */,
				E38D988F19C2044600630F43 /* XCTest.framework */,
				E38D989219C2044600630F43 /* UIKit.framework */,
				D09E1804235A48679B581586 /* libPods-GQURLDispatcherTests.a */,
			);
			name = Frameworks;
			sourceTree = "<group>";
		};
		E38D989719C2044600630F43 /* Tests */ = {
			isa = PBXGroup;
			children = (
				E38D989819C2044600630F43 /* Supporting Files */,
				E38D989D19C2044600630F43 /* GQURLDispatcherTests.m */,
				E3E7C5D019CADAF800F75C89 /* GQURLUtilitiesTests.m */,
				E36D30F219CD55F9003ACC19 /* GQTabBarResponderTests.m */,
				E36D30F419CD6AA8003ACC19 /* GQNavigationResponderTest.m */,
				E397D6481A5AC5B100BDFEEF /* GQSimpleResponderTests.m */,
			);
			path = Tests;
			sourceTree = "<group>";
		};
		E38D989819C2044600630F43 /* Supporting Files */ = {
			isa = PBXGroup;
			children = (
				E38D989919C2044600630F43 /* GQURLDispatcherTests-Info.plist */,
				E38D989A19C2044600630F43 /* InfoPlist.strings */,
			);
			name = "Supporting Files";
			sourceTree = "<group>";
		};
/* End PBXGroup section */

/* Begin PBXNativeTarget section */
		E38D987D19C2044600630F43 /* GQURLDispatcher */ = {
			isa = PBXNativeTarget;
			buildConfigurationList = E38D98A119C2044600630F43 /* Build configuration list for PBXNativeTarget "GQURLDispatcher" */;
			buildPhases = (
				E38D987A19C2044600630F43 /* Sources */,
				E38D987B19C2044600630F43 /* Frameworks */,
				E38D987C19C2044600630F43 /* CopyFiles */,
			);
			buildRules = (
			);
			dependencies = (
			);
			name = GQURLDispatcher;
			productName = GQURLDispatcher;
			productReference = E38D987E19C2044600630F43 /* libGQURLDispatcher.a */;
			productType = "com.apple.product-type.library.static";
		};
		E38D988D19C2044600630F43 /* GQURLDispatcherTests */ = {
			isa = PBXNativeTarget;
			buildConfigurationList = E38D98A419C2044600630F43 /* Build configuration list for PBXNativeTarget "GQURLDispatcherTests" */;
			buildPhases = (
				1D745C27862F466DB4FCE7DB /* Check Pods Manifest.lock */,
				E38D988A19C2044600630F43 /* Sources */,
				E38D988B19C2044600630F43 /* Frameworks */,
				E38D988C19C2044600630F43 /* Resources */,
				E6CF79CA29254786AC99FA3E /* Copy Pods Resources */,
			);
			buildRules = (
			);
			dependencies = (
				E38D989519C2044600630F43 /* PBXTargetDependency */,
			);
			name = GQURLDispatcherTests;
			productName = GQURLDispatcherTests;
			productReference = E38D988E19C2044600630F43 /* GQURLDispatcherTests.xctest */;
			productType = "com.apple.product-type.bundle.unit-test";
		};
/* End PBXNativeTarget section */

/* Begin PBXProject section */
		E38D987619C2044600630F43 /* Project object */ = {
			isa = PBXProject;
			attributes = {
				CLASSPREFIX = GQ;
				LastUpgradeCheck = 0510;
				ORGANIZATIONNAME = "Qian GuoQiang";
			};
			buildConfigurationList = E38D987919C2044600630F43 /* Build configuration list for PBXProject "GQURLDispatcher" */;
			compatibilityVersion = "Xcode 3.2";
			developmentRegion = English;
			hasScannedForEncodings = 0;
			knownRegions = (
				en,
			);
			mainGroup = E38D987519C2044600630F43;
			productRefGroup = E38D987F19C2044600630F43 /* Products */;
			projectDirPath = "";
			projectRoot = "";
			targets = (
				E38D987D19C2044600630F43 /* GQURLDispatcher */,
				E38D988D19C2044600630F43 /* GQURLDispatcherTests */,
			);
		};
/* End PBXProject section */

/* Begin PBXResourcesBuildPhase section */
		E38D988C19C2044600630F43 /* Resources */ = {
			isa = PBXResourcesBuildPhase;
			buildActionMask = 2147483647;
			files = (
				E38D989C19C2044600630F43 /* InfoPlist.strings in Resources */,
			);
			runOnlyForDeploymentPostprocessing = 0;
		};
/* End PBXResourcesBuildPhase section */

/* Begin PBXShellScriptBuildPhase section */
		1D745C27862F466DB4FCE7DB /* Check Pods Manifest.lock */ = {
			isa = PBXShellScriptBuildPhase;
			buildActionMask = 2147483647;
			files = (
			);
			inputPaths = (
			);
			name = "Check Pods Manifest.lock";
			outputPaths = (
			);
			runOnlyForDeploymentPostprocessing = 0;
			shellPath = /bin/sh;
			shellScript = "diff \"${PODS_ROOT}/../Podfile.lock\" \"${PODS_ROOT}/Manifest.lock\" > /dev/null\nif [[ $? != 0 ]] ; then\n    cat << EOM\nerror: The sandbox is not in sync with the Podfile.lock. Run 'pod install' or update your CocoaPods installation.\nEOM\n    exit 1\nfi\n";
			showEnvVarsInLog = 0;
		};
		E6CF79CA29254786AC99FA3E /* Copy Pods Resources */ = {
			isa = PBXShellScriptBuildPhase;
			buildActionMask = 2147483647;
			files = (
			);
			inputPaths = (
			);
			name = "Copy Pods Resources";
			outputPaths = (
			);
			runOnlyForDeploymentPostprocessing = 0;
			shellPath = /bin/sh;
			shellScript = "\"${SRCROOT}/Pods/Target Support Files/Pods-GQURLDispatcherTests/Pods-GQURLDispatcherTests-resources.sh\"\n";
			showEnvVarsInLog = 0;
		};
/* End PBXShellScriptBuildPhase section */

/* Begin PBXSourcesBuildPhase section */
		E38D987A19C2044600630F43 /* Sources */ = {
			isa = PBXSourcesBuildPhase;
			buildActionMask = 2147483647;
			files = (
				E3353B2D1AE9C358002237A2 /* GQTabBarResponder.m in Sources */,
				E3353B2C1AE9C358002237A2 /* GQSimpleResponder.m in Sources */,
				E3353B2A1AE9C358002237A2 /* GQNavigationResponder.m in Sources */,
				E3353B2E1AE9C358002237A2 /* GQURLDispatcher.m in Sources */,
				E3353B281AE9C358002237A2 /* GQApplicationURLResponder.m in Sources */,
				E3353B2B1AE9C358002237A2 /* GQPresentResponder.m in Sources */,
				E3353B291AE9C358002237A2 /* GQCompletionWrapper.m in Sources */,
				E3353B2F1AE9C358002237A2 /* NSURL+GQURLUtilities.m in Sources */,
			);
			runOnlyForDeploymentPostprocessing = 0;
		};
		E38D988A19C2044600630F43 /* Sources */ = {
			isa = PBXSourcesBuildPhase;
			buildActionMask = 2147483647;
			files = (
				E36D30F319CD55F9003ACC19 /* GQTabBarResponderTests.m in Sources */,
				E36D30F519CD6AA8003ACC19 /* GQNavigationResponderTest.m in Sources */,
				E3E7C5D119CADAF800F75C89 /* GQURLUtilitiesTests.m in Sources */,
				E38D989E19C2044600630F43 /* GQURLDispatcherTests.m in Sources */,
				E397D6491A5AC5B100BDFEEF /* GQSimpleResponderTests.m in Sources */,
			);
			runOnlyForDeploymentPostprocessing = 0;
		};
/* End PBXSourcesBuildPhase section */

/* Begin PBXTargetDependency section */
		E38D989519C2044600630F43 /* PBXTargetDependency */ = {
			isa = PBXTargetDependency;
			target = E38D987D19C2044600630F43 /* GQURLDispatcher */;
			targetProxy = E38D989419C2044600630F43 /* PBXContainerItemProxy */;
		};
/* End PBXTargetDependency section */

/* Begin PBXVariantGroup section */
		E38D989A19C2044600630F43 /* InfoPlist.strings */ = {
			isa = PBXVariantGroup;
			children = (
				E38D989B19C2044600630F43 /* en */,
			);
			name = InfoPlist.strings;
			sourceTree = "<group>";
		};
/* End PBXVariantGroup section */

/* Begin XCBuildConfiguration section */
		E38D989F19C2044600630F43 /* Debug */ = {
			isa = XCBuildConfiguration;
			buildSettings = {
				ALWAYS_SEARCH_USER_PATHS = NO;
				CLANG_CXX_LANGUAGE_STANDARD = "gnu++0x";
				CLANG_CXX_LIBRARY = "libc++";
				CLANG_ENABLE_MODULES = YES;
				CLANG_ENABLE_OBJC_ARC = YES;
				CLANG_WARN_BOOL_CONVERSION = YES;
				CLANG_WARN_CONSTANT_CONVERSION = YES;
				CLANG_WARN_DIRECT_OBJC_ISA_USAGE = YES_ERROR;
				CLANG_WARN_EMPTY_BODY = YES;
				CLANG_WARN_ENUM_CONVERSION = YES;
				CLANG_WARN_INT_CONVERSION = YES;
				CLANG_WARN_OBJC_ROOT_CLASS = YES_ERROR;
				CLANG_WARN__DUPLICATE_METHOD_MATCH = YES;
				COPY_PHASE_STRIP = NO;
				GCC_C_LANGUAGE_STANDARD = gnu99;
				GCC_DYNAMIC_NO_PIC = NO;
				GCC_OPTIMIZATION_LEVEL = 0;
				GCC_PREPROCESSOR_DEFINITIONS = (
					"DEBUG=1",
					"$(inherited)",
				);
				GCC_SYMBOLS_PRIVATE_EXTERN = NO;
				GCC_WARN_64_TO_32_BIT_CONVERSION = YES;
				GCC_WARN_ABOUT_RETURN_TYPE = YES_ERROR;
				GCC_WARN_UNDECLARED_SELECTOR = YES;
				GCC_WARN_UNINITIALIZED_AUTOS = YES_AGGRESSIVE;
				GCC_WARN_UNUSED_FUNCTION = YES;
				GCC_WARN_UNUSED_VARIABLE = YES;
				IPHONEOS_DEPLOYMENT_TARGET = 6.0;
				ONLY_ACTIVE_ARCH = YES;
				SDKROOT = iphoneos;
			};
			name = Debug;
		};
		E38D98A019C2044600630F43 /* Release */ = {
			isa = XCBuildConfiguration;
			buildSettings = {
				ALWAYS_SEARCH_USER_PATHS = NO;
				CLANG_CXX_LANGUAGE_STANDARD = "gnu++0x";
				CLANG_CXX_LIBRARY = "libc++";
				CLANG_ENABLE_MODULES = YES;
				CLANG_ENABLE_OBJC_ARC = YES;
				CLANG_WARN_BOOL_CONVERSION = YES;
				CLANG_WARN_CONSTANT_CONVERSION = YES;
				CLANG_WARN_DIRECT_OBJC_ISA_USAGE = YES_ERROR;
				CLANG_WARN_EMPTY_BODY = YES;
				CLANG_WARN_ENUM_CONVERSION = YES;
				CLANG_WARN_INT_CONVERSION = YES;
				CLANG_WARN_OBJC_ROOT_CLASS = YES_ERROR;
				CLANG_WARN__DUPLICATE_METHOD_MATCH = YES;
				COPY_PHASE_STRIP = YES;
				ENABLE_NS_ASSERTIONS = NO;
				GCC_C_LANGUAGE_STANDARD = gnu99;
				GCC_WARN_64_TO_32_BIT_CONVERSION = YES;
				GCC_WARN_ABOUT_RETURN_TYPE = YES_ERROR;
				GCC_WARN_UNDECLARED_SELECTOR = YES;
				GCC_WARN_UNINITIALIZED_AUTOS = YES_AGGRESSIVE;
				GCC_WARN_UNUSED_FUNCTION = YES;
				GCC_WARN_UNUSED_VARIABLE = YES;
				IPHONEOS_DEPLOYMENT_TARGET = 6.0;
				SDKROOT = iphoneos;
				VALIDATE_PRODUCT = YES;
			};
			name = Release;
		};
		E38D98A219C2044600630F43 /* Debug */ = {
			isa = XCBuildConfiguration;
			buildSettings = {
				DSTROOT = /tmp/GQURLDispatcher.dst;
				GCC_PRECOMPILE_PREFIX_HEADER = YES;
				GCC_PREFIX_HEADER = "GQURLDispatcher-Prefix.pch";
				OTHER_LDFLAGS = "-ObjC";
				PRODUCT_NAME = "$(TARGET_NAME)";
				SKIP_INSTALL = YES;
			};
			name = Debug;
		};
		E38D98A319C2044600630F43 /* Release */ = {
			isa = XCBuildConfiguration;
			buildSettings = {
				DSTROOT = /tmp/GQURLDispatcher.dst;
				GCC_PRECOMPILE_PREFIX_HEADER = YES;
				GCC_PREFIX_HEADER = "GQURLDispatcher-Prefix.pch";
				OTHER_LDFLAGS = "-ObjC";
				PRODUCT_NAME = "$(TARGET_NAME)";
				SKIP_INSTALL = YES;
			};
			name = Release;
		};
		E38D98A519C2044600630F43 /* Debug */ = {
			isa = XCBuildConfiguration;
			baseConfigurationReference = EFC5185ED52A3C9EA0021B4E /* Pods-GQURLDispatcherTests.debug.xcconfig */;
			buildSettings = {
				FRAMEWORK_SEARCH_PATHS = (
					"$(SDKROOT)/Developer/Library/Frameworks",
					"$(inherited)",
					"$(DEVELOPER_FRAMEWORKS_DIR)",
				);
				GCC_PRECOMPILE_PREFIX_HEADER = YES;
				GCC_PREFIX_HEADER = "GQURLDispatcher-Prefix.pch";
				GCC_PREPROCESSOR_DEFINITIONS = (
					"DEBUG=1",
					"$(inherited)",
				);
				INFOPLIST_FILE = "Tests/GQURLDispatcherTests-Info.plist";
				PRODUCT_NAME = "$(TARGET_NAME)";
				WRAPPER_EXTENSION = xctest;
			};
			name = Debug;
		};
		E38D98A619C2044600630F43 /* Release */ = {
			isa = XCBuildConfiguration;
			baseConfigurationReference = 2CA7A62CE15AF9316774D052 /* Pods-GQURLDispatcherTests.release.xcconfig */;
			buildSettings = {
				FRAMEWORK_SEARCH_PATHS = (
					"$(SDKROOT)/Developer/Library/Frameworks",
					"$(inherited)",
					"$(DEVELOPER_FRAMEWORKS_DIR)",
				);
				GCC_PRECOMPILE_PREFIX_HEADER = YES;
				GCC_PREFIX_HEADER = "GQURLDispatcher-Prefix.pch";
				INFOPLIST_FILE = "Tests/GQURLDispatcherTests-Info.plist";
				PRODUCT_NAME = "$(TARGET_NAME)";
				WRAPPER_EXTENSION = xctest;
			};
			name = Release;
		};
/* End XCBuildConfiguration section */

/* Begin XCConfigurationList section */
		E38D987919C2044600630F43 /* Build configuration list for PBXProject "GQURLDispatcher" */ = {
			isa = XCConfigurationList;
			buildConfigurations = (
				E38D989F19C2044600630F43 /* Debug */,
				E38D98A019C2044600630F43 /* Release */,
			);
			defaultConfigurationIsVisible = 0;
			defaultConfigurationName = Release;
		};
		E38D98A119C2044600630F43 /* Build configuration list for PBXNativeTarget "GQURLDispatcher" */ = {
			isa = XCConfigurationList;
			buildConfigurations = (
				E38D98A219C2044600630F43 /* Debug */,
				E38D98A319C2044600630F43 /* Release */,
			);
			defaultConfigurationIsVisible = 0;
			defaultConfigurationName = Release;
		};
		E38D98A419C2044600630F43 /* Build configuration list for PBXNativeTarget "GQURLDispatcherTests" */ = {
			isa = XCConfigurationList;
			buildConfigurations = (
				E38D98A519C2044600630F43 /* Debug */,
				E38D98A619C2044600630F43 /* Release */,
			);
			defaultConfigurationIsVisible = 0;
			defaultConfigurationName = Release;
		};
/* End XCConfigurationList section */
	};
	rootObject = E38D987619C2044600630F43 /* Project object */;
}
